
Microsoft Visual Studio Solution File, Format Version 12.00
# Visual Studio Version 17
VisualStudioVersion = 17.8.34408.163
MinimumVisualStudioVersion = 10.0.40219.1
Project("{FAE04EC0-301F-11D3-BF4B-00C04F79EFBC}") = "Zadanie domowe dzien 4", "Zadanie domowe dzien 4\Zadanie domowe dzien 4.csproj", "{BF212687-E5D7-4B8B-8119-CBCEE911B487}"
EndProject
Global
	GlobalSection(SolutionConfigurationPlatforms) = preSolution
		Debug|Any CPU = Debug|Any CPU
		Release|Any CPU = Release|Any CPU
	EndGlobalSection
	GlobalSection(ProjectConfigurationPlatforms) = postSolution
		{BF212687-E5D7-4B8B-8119-CBCEE911B487}.Debug|Any CPU.ActiveCfg = Debug|Any CPU
		{BF212687-E5D7-4B8B-8119-CBCEE911B487}.Debug|Any CPU.Build.0 = Debug|Any CPU
		{BF212687-E5D7-4B8B-8119-CBCEE911B487}.Release|Any CPU.ActiveCfg = Release|Any CPU
		{BF212687-E5D7-4B8B-8119-CBCEE911B487}.Release|Any CPU.Build.0 = Release|Any CPU
	EndGlobalSection
	GlobalSection(SolutionProperties) = preSolution
		HideSolutionNode = FALSE
	EndGlobalSection
	GlobalSection(ExtensibilityGlobals) = postSolution
		SolutionGuid = {CBC7D55F-F56E-4F33-9777-4EE7C0CF3D2B}
	EndGlobalSection
EndGlobal
